{
  "version": 1,
  "skills": {
    "cargo": {
      "hash": "791258b113fe"
    },
    "files": {
      "hash": "60a18965ceca"
    },
    "files-read": {
      "hash": "112132169f84"
    },
    "git": {
      "hash": "5fb3e7c76227"
    },
    "git-read": {
      "hash": "41704dc87f63"
    },
    "git-remote": {
      "hash": "fd828d0cf58e"
    },
    "logs": {
      "hash": "61e264c89ee3"
    },
    "notes": {
      "hash": "1221357f4ea8"
    },
    "notes-daily": {
      "hash": "5fd472ccc822"
    },
    "notes-frontmatter": {
      "hash": "04a70ca7f9e1"
    },
    "notes-read": {
      "hash": "27cdd3395a75"
    },
    "notes-wikilink": {
      "hash": "8e90e6a09474"
    },
    "rss": {
      "hash": "8f199e4d75a1"
    },
    "skills": {
      "hash": "2b55bfbec985"
    },
    "skills-design": {
      "hash": "0db416ed7719"
    },
    "skills-read": {
      "hash": "0ab8876c11f2"
    }
  },
  "generation": 1
}
