{
  "version": 1,
  "skills": {
    "cargo": {
      "hash": "1d3a8539d4d6"
    },
    "files": {
      "hash": "86de91261782"
    },
    "files-read": {
      "hash": "46e9c54e0931"
    },
    "git": {
      "hash": "bcece950e6b2"
    },
    "git-read": {
      "hash": "2c0a1bc35bdc"
    },
    "git-remote": {
      "hash": "a080f522e5a7"
    },
    "logs": {
      "hash": "a9147c5d6d64"
    },
    "notes": {
      "hash": "30b68b828cda"
    },
    "notes-daily": {
      "hash": "6ca9d4ac9955"
    },
    "notes-frontmatter": {
      "hash": "f3b88e70b179"
    },
    "notes-read": {
      "hash": "f795ff37054e"
    },
    "notes-wikilink": {
      "hash": "3ca10a34c4ed"
    },
    "rss": {
      "hash": "53ce1fd8d5c5"
    },
    "skills": {
      "hash": "560d37e7dd61"
    },
    "skills-design": {
      "hash": "bcffffca671c"
    },
    "skills-read": {
      "hash": "1596a162d344"
    }
  },
  "generation": 1
}
