{
  "version": 1,
  "skills": {
    "cargo": {
      "hash": "67ded1f0b6fe"
    },
    "files": {
      "hash": "dda86884979b"
    },
    "files-read": {
      "hash": "18e4390a801b"
    },
    "git": {
      "hash": "7101b6e0bcb1"
    },
    "git-read": {
      "hash": "445299aca559"
    },
    "git-remote": {
      "hash": "2707eb1df3f4"
    },
    "logs": {
      "hash": "695af1ab5114"
    },
    "notes": {
      "hash": "212de6b21ba6"
    },
    "notes-daily": {
      "hash": "56ae3c63ff74"
    },
    "notes-frontmatter": {
      "hash": "38314f10d55b"
    },
    "notes-read": {
      "hash": "5c1da0ff9981"
    },
    "notes-wikilink": {
      "hash": "56d506fe2895"
    },
    "rss": {
      "hash": "71690d9f9cde"
    },
    "skills": {
      "hash": "742e20dcc700"
    },
    "skills-design": {
      "hash": "2b0cf2190b56"
    },
    "skills-read": {
      "hash": "2d58cd3645d5"
    }
  },
  "generation": 1
}
